
Microsoft Visual Studio Solution File, Format Version 12.00
# Visual Studio 15
VisualStudioVersion = 15.0.26730.16
MinimumVisualStudioVersion = 10.0.40219.1
Project("{FAE04EC0-301F-11D3-BF4B-00C04F79EFBC}") = "huruhon", "kaede3rd\huruhon.csproj", "{200233B1-FE5F-41BA-B923-3D7E1EF96AEB}"
EndProject
Global
	GlobalSection(SolutionConfigurationPlatforms) = preSolution
		Debug|x86 = Debug|x86
		Release|x86 = Release|x86
	EndGlobalSection
	GlobalSection(ProjectConfigurationPlatforms) = postSolution
		{200233B1-FE5F-41BA-B923-3D7E1EF96AEB}.Debug|x86.ActiveCfg = Debug|x86
		{200233B1-FE5F-41BA-B923-3D7E1EF96AEB}.Debug|x86.Build.0 = Debug|x86
		{200233B1-FE5F-41BA-B923-3D7E1EF96AEB}.Release|x86.ActiveCfg = Release|x86
		{200233B1-FE5F-41BA-B923-3D7E1EF96AEB}.Release|x86.Build.0 = Release|x86
	EndGlobalSection
	GlobalSection(SolutionProperties) = preSolution
		HideSolutionNode = FALSE
	EndGlobalSection
	GlobalSection(ExtensibilityGlobals) = postSolution
		SolutionGuid = {B5F45360-070E-49B4-8F04-2BDCBEE7A186}
	EndGlobalSection
EndGlobal
